
Microsoft Visual Studio Solution File, Format Version 12.00
# Visual Studio Version 17
VisualStudioVersion = 17.3.32929.385
MinimumVisualStudioVersion = 10.0.40219.1
Project("{FAE04EC0-301F-11D3-BF4B-00C04F79EFBC}") = "params", "params\params.csproj", "{F569640D-6780-4CE7-894D-7F04C6ADA88A}"
EndProject
Global
	GlobalSection(SolutionConfigurationPlatforms) = preSolution
		Debug|Any CPU = Debug|Any CPU
		Release|Any CPU = Release|Any CPU
	EndGlobalSection
	GlobalSection(ProjectConfigurationPlatforms) = postSolution
		{F569640D-6780-4CE7-894D-7F04C6ADA88A}.Debug|Any CPU.ActiveCfg = Debug|Any CPU
		{F569640D-6780-4CE7-894D-7F04C6ADA88A}.Debug|Any CPU.Build.0 = Debug|Any CPU
		{F569640D-6780-4CE7-894D-7F04C6ADA88A}.Release|Any CPU.ActiveCfg = Release|Any CPU
		{F569640D-6780-4CE7-894D-7F04C6ADA88A}.Release|Any CPU.Build.0 = Release|Any CPU
	EndGlobalSection
	GlobalSection(SolutionProperties) = preSolution
		HideSolutionNode = FALSE
	EndGlobalSection
	GlobalSection(ExtensibilityGlobals) = postSolution
		SolutionGuid = {4147A9E6-F19E-4973-BBF6-47E675034709}
	EndGlobalSection
EndGlobal
